
Microsoft Visual Studio Solution File, Format Version 12.00
# Visual Studio Version 17
VisualStudioVersion = 17.2.32630.192
MinimumVisualStudioVersion = 10.0.40219.1
Project("{9A19103F-16F7-4668-BE54-9A1E7A4F7556}") = "FinancePlanner.Data", "FinancePlanner.Data\FinancePlanner.Data.csproj", "{8E0D27E1-2A23-4BC7-8DB1-D584075F6EF8}"
EndProject
Project("{9A19103F-16F7-4668-BE54-9A1E7A4F7556}") = "FinancePlanner.Entities", "FinancePlanner.Entities\FinancePlanner.Entities.csproj", "{DFEB80F9-8440-4BE4-A303-DBCD65D8E884}"
EndProject
Project("{9A19103F-16F7-4668-BE54-9A1E7A4F7556}") = "FinancePlanner.Services", "FinancePlanner.Services\FinancePlanner.Services.csproj", "{1360399B-220F-473B-B096-502F85403258}"
EndProject
Project("{9A19103F-16F7-4668-BE54-9A1E7A4F7556}") = "FinancePlanner.Migrations", "FinancePlanner.Migrations\FinancePlanner.Migrations.csproj", "{DB859A27-4443-494E-AE14-6D3074F36F0D}"
EndProject
Project("{FAE04EC0-301F-11D3-BF4B-00C04F79EFBC}") = "FinancePlanner.API", "FinancePlanner.API\FinancePlanner.API.csproj", "{89F719C3-E16E-45E7-904C-E923D92B3BAF}"
EndProject
Global
	GlobalSection(SolutionConfigurationPlatforms) = preSolution
		Debug|Any CPU = Debug|Any CPU
		Release|Any CPU = Release|Any CPU
	EndGlobalSection
	GlobalSection(ProjectConfigurationPlatforms) = postSolution
		{8E0D27E1-2A23-4BC7-8DB1-D584075F6EF8}.Debug|Any CPU.ActiveCfg = Debug|Any CPU
		{8E0D27E1-2A23-4BC7-8DB1-D584075F6EF8}.Debug|Any CPU.Build.0 = Debug|Any CPU
		{8E0D27E1-2A23-4BC7-8DB1-D584075F6EF8}.Release|Any CPU.ActiveCfg = Release|Any CPU
		{8E0D27E1-2A23-4BC7-8DB1-D584075F6EF8}.Release|Any CPU.Build.0 = Release|Any CPU
		{DFEB80F9-8440-4BE4-A303-DBCD65D8E884}.Debug|Any CPU.ActiveCfg = Debug|Any CPU
		{DFEB80F9-8440-4BE4-A303-DBCD65D8E884}.Debug|Any CPU.Build.0 = Debug|Any CPU
		{DFEB80F9-8440-4BE4-A303-DBCD65D8E884}.Release|Any CPU.ActiveCfg = Release|Any CPU
		{DFEB80F9-8440-4BE4-A303-DBCD65D8E884}.Release|Any CPU.Build.0 = Release|Any CPU
		{1360399B-220F-473B-B096-502F85403258}.Debug|Any CPU.ActiveCfg = Debug|Any CPU
		{1360399B-220F-473B-B096-502F85403258}.Debug|Any CPU.Build.0 = Debug|Any CPU
		{1360399B-220F-473B-B096-502F85403258}.Release|Any CPU.ActiveCfg = Release|Any CPU
		{1360399B-220F-473B-B096-502F85403258}.Release|Any CPU.Build.0 = Release|Any CPU
		{DB859A27-4443-494E-AE14-6D3074F36F0D}.Debug|Any CPU.ActiveCfg = Debug|Any CPU
		{DB859A27-4443-494E-AE14-6D3074F36F0D}.Debug|Any CPU.Build.0 = Debug|Any CPU
		{DB859A27-4443-494E-AE14-6D3074F36F0D}.Release|Any CPU.ActiveCfg = Release|Any CPU
		{DB859A27-4443-494E-AE14-6D3074F36F0D}.Release|Any CPU.Build.0 = Release|Any CPU
		{89F719C3-E16E-45E7-904C-E923D92B3BAF}.Debug|Any CPU.ActiveCfg = Debug|Any CPU
		{89F719C3-E16E-45E7-904C-E923D92B3BAF}.Debug|Any CPU.Build.0 = Debug|Any CPU
		{89F719C3-E16E-45E7-904C-E923D92B3BAF}.Release|Any CPU.ActiveCfg = Release|Any CPU
		{89F719C3-E16E-45E7-904C-E923D92B3BAF}.Release|Any CPU.Build.0 = Release|Any CPU
	EndGlobalSection
	GlobalSection(SolutionProperties) = preSolution
		HideSolutionNode = FALSE
	EndGlobalSection
	GlobalSection(ExtensibilityGlobals) = postSolution
		SolutionGuid = {605B974C-62D5-4CD7-A37C-F98FC9386D7D}
	EndGlobalSection
EndGlobal
